
Microsoft Visual Studio Solution File, Format Version 12.00
# Visual Studio Version 16
VisualStudioVersion = 16.0.31605.320
MinimumVisualStudioVersion = 10.0.40219.1
Project("{888888A0-9F3D-457C-B088-3A5042F75D52}") = "StudentManagementSystem", "StudentManagementSystem.pyproj", "{537FF9B6-C524-4524-BD5A-3C1F63D04D1E}"
EndProject
Global
	GlobalSection(SolutionConfigurationPlatforms) = preSolution
		Debug|Any CPU = Debug|Any CPU
		Release|Any CPU = Release|Any CPU
	EndGlobalSection
	GlobalSection(ProjectConfigurationPlatforms) = postSolution
		{537FF9B6-C524-4524-BD5A-3C1F63D04D1E}.Debug|Any CPU.ActiveCfg = Debug|Any CPU
		{537FF9B6-C524-4524-BD5A-3C1F63D04D1E}.Debug|Any CPU.Build.0 = Debug|Any CPU
		{537FF9B6-C524-4524-BD5A-3C1F63D04D1E}.Release|Any CPU.ActiveCfg = Release|Any CPU
		{537FF9B6-C524-4524-BD5A-3C1F63D04D1E}.Release|Any CPU.Build.0 = Release|Any CPU
	EndGlobalSection
	GlobalSection(SolutionProperties) = preSolution
		HideSolutionNode = FALSE
	EndGlobalSection
	GlobalSection(ExtensibilityGlobals) = postSolution
		SolutionGuid = {E694DB5A-EC2C-44BC-8C3E-0BF54DF349B1}
	EndGlobalSection
EndGlobal
